{
  "name": "threejs-version",
  "lockfileVersion": 3,
  "requires": true,
  "packages": {
    "": {
      "dependencies": {
        "@geckos.io/client": "^3.0.2",
        "howler": "^2.2.4"
      }
    },
    "node_modules/@geckos.io/client": {
      "version": "3.0.2",
      "resolved": "https://registry.npmjs.org/@geckos.io/client/-/client-3.0.2.tgz",
      "integrity": "sha512-nZnhG8IiDBvKKNonguz2sBv4Y8rVpxz5SK9NIvLF7nIUQ2YUUHWcQ4OYBwLUjzSUWdzAjiTP1rPa5azXJw7MRA==",
      "license": "BSD-3-Clause",
      "dependencies": {
        "@geckos.io/common": "^3.0.2"
      },
      "engines": {
        "node": ">=18"
      },
      "funding": {
        "url": "https://github.com/sponsors/yandeu"
      }
    },
    "node_modules/@geckos.io/common": {
      "version": "3.0.2",
      "resolved": "https://registry.npmjs.org/@geckos.io/common/-/common-3.0.2.tgz",
      "integrity": "sha512-2Rf61S+Xya1FwGnIShfdP7GPE73o9zDQRbiFEd/SCTkIApR2MusJholLJ88cmWHXY9bX0nDpyiflgwYYUfXx7g==",
      "license": "BSD-3-Clause",
      "dependencies": {
        "@yandeu/events": "0.0.7"
      },
      "funding": {
        "url": "https://github.com/sponsors/yandeu"
      }
    },
    "node_modules/@yandeu/events": {
      "version": "0.0.7",
      "resolved": "https://registry.npmjs.org/@yandeu/events/-/events-0.0.7.tgz",
      "integrity": "sha512-l78u4CooPw/WlN3H15bhOpims+gAsAkxbcjDn1GZ5oa+h9wqg+pBBzZos38xDeqKW/UVgPMkurVDPrf7JhhmTA==",
      "license": "MIT",
      "engines": {
        "node": ">=18.2"
      },
      "funding": {
        "url": "https://github.com/sponsors/yandeu"
      }
    },
    "node_modules/howler": {
      "version": "2.2.4",
      "resolved": "https://registry.npmjs.org/howler/-/howler-2.2.4.tgz",
      "integrity": "sha512-iARIBPgcQrwtEr+tALF+rapJ8qSc+Set2GJQl7xT1MQzWaVkFebdJhR3alVlSiUf5U7nAANKuj3aWpwerocD5w==",
      "license": "MIT"
    }
  }
}
